
Microsoft Visual Studio Solution File, Format Version 12.00
# Visual Studio 15
VisualStudioVersion = 15.0.28010.2041
MinimumVisualStudioVersion = 10.0.40219.1
Project("{FAE04EC0-301F-11D3-BF4B-00C04F79EFBC}") = "MRPSystemBackend", "MRPSystemBackend\MRPSystemBackend.csproj", "{B6E91926-7EE9-4C86-8024-DD6500CF4AFC}"
EndProject
Global
	GlobalSection(SolutionConfigurationPlatforms) = preSolution
		Debug|Any CPU = Debug|Any CPU
		Release|Any CPU = Release|Any CPU
	EndGlobalSection
	GlobalSection(ProjectConfigurationPlatforms) = postSolution
		{B6E91926-7EE9-4C86-8024-DD6500CF4AFC}.Debug|Any CPU.ActiveCfg = Debug|Any CPU
		{B6E91926-7EE9-4C86-8024-DD6500CF4AFC}.Debug|Any CPU.Build.0 = Debug|Any CPU
		{B6E91926-7EE9-4C86-8024-DD6500CF4AFC}.Release|Any CPU.ActiveCfg = Release|Any CPU
		{B6E91926-7EE9-4C86-8024-DD6500CF4AFC}.Release|Any CPU.Build.0 = Release|Any CPU
	EndGlobalSection
	GlobalSection(SolutionProperties) = preSolution
		HideSolutionNode = FALSE
	EndGlobalSection
	GlobalSection(ExtensibilityGlobals) = postSolution
		SolutionGuid = {589B80F3-7037-4EF7-87E7-AD0173FCC051}
	EndGlobalSection
EndGlobal
